
Microsoft Visual Studio Solution File, Format Version 12.00
# Visual Studio Version 17
VisualStudioVersion = 17.13.35919.96 d17.13
MinimumVisualStudioVersion = 10.0.40219.1
Project("{FAE04EC0-301F-11D3-BF4B-00C04F79EFBC}") = "Gestion_de_Vehiculos", "Gestion_de_Vehiculos\Gestion_de_Vehiculos.csproj", "{5CFC9073-CB5F-4323-9DFE-F0E56861F103}"
EndProject
Global
	GlobalSection(SolutionConfigurationPlatforms) = preSolution
		Debug|Any CPU = Debug|Any CPU
		Release|Any CPU = Release|Any CPU
	EndGlobalSection
	GlobalSection(ProjectConfigurationPlatforms) = postSolution
		{5CFC9073-CB5F-4323-9DFE-F0E56861F103}.Debug|Any CPU.ActiveCfg = Debug|Any CPU
		{5CFC9073-CB5F-4323-9DFE-F0E56861F103}.Debug|Any CPU.Build.0 = Debug|Any CPU
		{5CFC9073-CB5F-4323-9DFE-F0E56861F103}.Release|Any CPU.ActiveCfg = Release|Any CPU
		{5CFC9073-CB5F-4323-9DFE-F0E56861F103}.Release|Any CPU.Build.0 = Release|Any CPU
	EndGlobalSection
	GlobalSection(SolutionProperties) = preSolution
		HideSolutionNode = FALSE
	EndGlobalSection
	GlobalSection(ExtensibilityGlobals) = postSolution
		SolutionGuid = {B998166A-9C18-42A9-B497-957616A4689C}
	EndGlobalSection
EndGlobal
