
Microsoft Visual Studio Solution File, Format Version 12.00
# Visual Studio Version 17
VisualStudioVersion = 17.13.35919.96 d17.13
MinimumVisualStudioVersion = 10.0.40219.1
Project("{FAE04EC0-301F-11D3-BF4B-00C04F79EFBC}") = "Ejercicio5_DOO", "Ejercicio5_DOO\Ejercicio5_DOO.csproj", "{EF583DA3-E55C-40E8-AAA9-09B8D367C78E}"
EndProject
Global
	GlobalSection(SolutionConfigurationPlatforms) = preSolution
		Debug|Any CPU = Debug|Any CPU
		Release|Any CPU = Release|Any CPU
	EndGlobalSection
	GlobalSection(ProjectConfigurationPlatforms) = postSolution
		{EF583DA3-E55C-40E8-AAA9-09B8D367C78E}.Debug|Any CPU.ActiveCfg = Debug|Any CPU
		{EF583DA3-E55C-40E8-AAA9-09B8D367C78E}.Debug|Any CPU.Build.0 = Debug|Any CPU
		{EF583DA3-E55C-40E8-AAA9-09B8D367C78E}.Release|Any CPU.ActiveCfg = Release|Any CPU
		{EF583DA3-E55C-40E8-AAA9-09B8D367C78E}.Release|Any CPU.Build.0 = Release|Any CPU
	EndGlobalSection
	GlobalSection(SolutionProperties) = preSolution
		HideSolutionNode = FALSE
	EndGlobalSection
	GlobalSection(ExtensibilityGlobals) = postSolution
		SolutionGuid = {ADDCF5A9-73DC-43FC-B776-074EDF2CC9AB}
	EndGlobalSection
EndGlobal
