
Microsoft Visual Studio Solution File, Format Version 12.00
# Visual Studio Version 17
VisualStudioVersion = 17.13.35919.96 d17.13
MinimumVisualStudioVersion = 10.0.40219.1
Project("{FAE04EC0-301F-11D3-BF4B-00C04F79EFBC}") = "Entrega_Parcial", "Entrega_Parcial\Entrega_Parcial.csproj", "{B01CEA4B-63A6-4419-B8AC-FB3C658C449A}"
EndProject
Global
	GlobalSection(SolutionConfigurationPlatforms) = preSolution
		Debug|Any CPU = Debug|Any CPU
		Release|Any CPU = Release|Any CPU
	EndGlobalSection
	GlobalSection(ProjectConfigurationPlatforms) = postSolution
		{B01CEA4B-63A6-4419-B8AC-FB3C658C449A}.Debug|Any CPU.ActiveCfg = Debug|Any CPU
		{B01CEA4B-63A6-4419-B8AC-FB3C658C449A}.Debug|Any CPU.Build.0 = Debug|Any CPU
		{B01CEA4B-63A6-4419-B8AC-FB3C658C449A}.Release|Any CPU.ActiveCfg = Release|Any CPU
		{B01CEA4B-63A6-4419-B8AC-FB3C658C449A}.Release|Any CPU.Build.0 = Release|Any CPU
	EndGlobalSection
	GlobalSection(SolutionProperties) = preSolution
		HideSolutionNode = FALSE
	EndGlobalSection
	GlobalSection(ExtensibilityGlobals) = postSolution
		SolutionGuid = {C145E13C-6186-4D7E-A87D-4EA47117C2B5}
	EndGlobalSection
EndGlobal
